
Microsoft Visual Studio Solution File, Format Version 12.00
# Visual Studio Version 17
VisualStudioVersion = 17.8.34408.163
MinimumVisualStudioVersion = 10.0.40219.1
Project("{FAE04EC0-301F-11D3-BF4B-00C04F79EFBC}") = "EInvoiceXml2Pdf", "EInvoiceXml2Pdf\EInvoiceXml2Pdf.csproj", "{65BA14B6-29F5-4BE4-9474-A365DE880570}"
EndProject
Project("{2150E333-8FDC-42A3-9474-1A3956D46DE8}") = "assets", "assets", "{86386C1D-13C5-4768-8E4C-1F4E31C2993B}"
	ProjectSection(SolutionItems) = preProject
		assets\demo.xml = assets\demo.xml
	EndProjectSection
EndProject
Project("{2150E333-8FDC-42A3-9474-1A3956D46DE8}") = "docs", "docs", "{14072C97-B4A7-44CD-9C3A-73AB40BD7342}"
	ProjectSection(SolutionItems) = preProject
		README.md = README.md
	EndProjectSection
EndProject
Global
	GlobalSection(SolutionConfigurationPlatforms) = preSolution
		Debug|Any CPU = Debug|Any CPU
		Release|Any CPU = Release|Any CPU
	EndGlobalSection
	GlobalSection(ProjectConfigurationPlatforms) = postSolution
		{65BA14B6-29F5-4BE4-9474-A365DE880570}.Debug|Any CPU.ActiveCfg = Debug|Any CPU
		{65BA14B6-29F5-4BE4-9474-A365DE880570}.Debug|Any CPU.Build.0 = Debug|Any CPU
		{65BA14B6-29F5-4BE4-9474-A365DE880570}.Release|Any CPU.ActiveCfg = Release|Any CPU
		{65BA14B6-29F5-4BE4-9474-A365DE880570}.Release|Any CPU.Build.0 = Release|Any CPU
	EndGlobalSection
	GlobalSection(SolutionProperties) = preSolution
		HideSolutionNode = FALSE
	EndGlobalSection
	GlobalSection(ExtensibilityGlobals) = postSolution
		SolutionGuid = {68523A52-2386-49F5-B1B7-33282CF5E296}
	EndGlobalSection
EndGlobal
